// !$*UTF8*$!
{
	archiveVersion = 1;
	classes = {
	};
	objectVersion = 46;
	objects = {

/* Begin PBXBuildFile section */
		1D3623260D0F684500981E51 /* iHereAppDelegate.m in Sources */ = {isa = PBXBuildFile; fileRef = 1D3623250D0F684500981E51 /* iHereAppDelegate.m */; };
		1D60589B0D05DD56006BFB54 /* main.m in Sources */ = {isa = PBXBuildFile; fileRef = 29B97316FDCFA39411CA2CEA /* main.m */; };
		1D60589F0D05DD5A006BFB54 /* Foundation.framework in Frameworks */ = {isa = PBXBuildFile; fileRef = 1D30AB110D05D00D00671497 /* Foundation.framework */; };
		1DF5F4E00D08C38300B7A737 /* UIKit.framework in Frameworks */ = {isa = PBXBuildFile; fileRef = 1DF5F4DF0D08C38300B7A737 /* UIKit.framework */; };
		288765A50DF7441C002DB57D /* CoreGraphics.framework in Frameworks */ = {isa = PBXBuildFile; fileRef = 288765A40DF7441C002DB57D /* CoreGraphics.framework */; };
		2899E5220DE3E06400AC0155 /* iHereViewController.xib in Resources */ = {isa = PBXBuildFile; fileRef = 2899E5210DE3E06400AC0155 /* iHereViewController.xib */; };
		28AD733F0D9D9553002E5188 /* MainWindow.xib in Resources */ = {isa = PBXBuildFile; fileRef = 28AD733E0D9D9553002E5188 /* MainWindow.xib */; };
		28D7ACF80DDB3853001CB0EB /* iHereViewController.m in Sources */ = {isa = PBXBuildFile; fileRef = 28D7ACF70DDB3853001CB0EB /* iHereViewController.m */; };
		A3212DFE13D1D66600E7D929 /* CoreLocation.framework in Frameworks */ = {isa = PBXBuildFile; fileRef = A3212DFD13D1D66600E7D929 /* CoreLocation.framework */; };
		A3212E0313D1DC4600E7D929 /* CoreLocationController.m in Sources */ = {isa = PBXBuildFile; fileRef = A3212E0213D1DC4600E7D929 /* CoreLocationController.m */; };
		A3212E2913D1FA8200E7D929 /* Icon-72.png in Resources */ = {isa = PBXBuildFile; fileRef = A3212E2013D1FA8200E7D929 /* Icon-72.png */; };
		A3212E2A13D1FA8200E7D929 /* Icon-Small-50.png in Resources */ = {isa = PBXBuildFile; fileRef = A3212E2113D1FA8200E7D929 /* Icon-Small-50.png */; };
		A3212E2B13D1FA8200E7D929 /* Icon-Small.png in Resources */ = {isa = PBXBuildFile; fileRef = A3212E2213D1FA8200E7D929 /* Icon-Small.png */; };
		A3212E2C13D1FA8200E7D929 /* Icon-Small@2x.png in Resources */ = {isa = PBXBuildFile; fileRef = A3212E2313D1FA8200E7D929 /* Icon-Small@2x.png */; };
		A3212E2D13D1FA8200E7D929 /* Icon.png in Resources */ = {isa = PBXBuildFile; fileRef = A3212E2413D1FA8200E7D929 /* Icon.png */; };
		A3212E2E13D1FA8200E7D929 /* Icon@2x.png in Resources */ = {isa = PBXBuildFile; fileRef = A3212E2513D1FA8200E7D929 /* Icon@2x.png */; };
		A3212E2F13D1FA8200E7D929 /* iTunesArtwork in Resources */ = {isa = PBXBuildFile; fileRef = A3212E2613D1FA8200E7D929 /* iTunesArtwork */; };
		A3212E7813D208EC00E7D929 /* launch.png in Resources */ = {isa = PBXBuildFile; fileRef = A3212E7613D208EC00E7D929 /* launch.png */; };
		A3212E7913D208EC00E7D929 /* launch@2x.png in Resources */ = {isa = PBXBuildFile; fileRef = A3212E7713D208EC00E7D929 /* launch@2x.png */; };
		A3212ED813D20E2F00E7D929 /* MapKit.framework in Frameworks */ = {isa = PBXBuildFile; fileRef = A3212ED713D20E2F00E7D929 /* MapKit.framework */; };
		A3212FC313D284E500E7D929 /* DestinationPlaceMark.m in Sources */ = {isa = PBXBuildFile; fileRef = A3212FC213D284E500E7D929 /* DestinationPlaceMark.m */; };
		A321300B13D2944D00E7D929 /* MessageUI.framework in Frameworks */ = {isa = PBXBuildFile; fileRef = A321300A13D2944D00E7D929 /* MessageUI.framework */; };
		A321310313D2E1B700E7D929 /* button.png in Resources */ = {isa = PBXBuildFile; fileRef = A321310213D2E1B700E7D929 /* button.png */; };
/* End PBXBuildFile section */

/* Begin PBXFileReference section */
		1D30AB110D05D00D00671497 /* Foundation.framework */ = {isa = PBXFileReference; lastKnownFileType = wrapper.framework; name = Foundation.framework; path = System/Library/Frameworks/Foundation.framework; sourceTree = SDKROOT; };
		1D3623240D0F684500981E51 /* iHereAppDelegate.h */ = {isa = PBXFileReference; fileEncoding = 4; lastKnownFileType = sourcecode.c.h; path = iHereAppDelegate.h; sourceTree = "<group>"; };
		1D3623250D0F684500981E51 /* iHereAppDelegate.m */ = {isa = PBXFileReference; fileEncoding = 4; lastKnownFileType = sourcecode.c.objc; path = iHereAppDelegate.m; sourceTree = "<group>"; };
		1D6058910D05DD3D006BFB54 /* iHere.app */ = {isa = PBXFileReference; explicitFileType = wrapper.application; includeInIndex = 0; path = iHere.app; sourceTree = BUILT_PRODUCTS_DIR; };
		1DF5F4DF0D08C38300B7A737 /* UIKit.framework */ = {isa = PBXFileReference; lastKnownFileType = wrapper.framework; name = UIKit.framework; path = System/Library/Frameworks/UIKit.framework; sourceTree = SDKROOT; };
		288765A40DF7441C002DB57D /* CoreGraphics.framework */ = {isa = PBXFileReference; lastKnownFileType = wrapper.framework; name = CoreGraphics.framework; path = System/Library/Frameworks/CoreGraphics.framework; sourceTree = SDKROOT; };
		2899E5210DE3E06400AC0155 /* iHereViewController.xib */ = {isa = PBXFileReference; lastKnownFileType = file.xib; path = iHereViewController.xib; sourceTree = "<group>"; };
		28AD733E0D9D9553002E5188 /* MainWindow.xib */ = {isa = PBXFileReference; lastKnownFileType = file.xib; path = MainWindow.xib; sourceTree = "<group>"; };
		28D7ACF60DDB3853001CB0EB /* iHereViewController.h */ = {isa = PBXFileReference; fileEncoding = 4; lastKnownFileType = sourcecode.c.h; path = iHereViewController.h; sourceTree = "<group>"; };
		28D7ACF70DDB3853001CB0EB /* iHereViewController.m */ = {isa = PBXFileReference; fileEncoding = 4; lastKnownFileType = sourcecode.c.objc; path = iHereViewController.m; sourceTree = "<group>"; };
		29B97316FDCFA39411CA2CEA /* main.m */ = {isa = PBXFileReference; fileEncoding = 4; lastKnownFileType = sourcecode.c.objc; path = main.m; sourceTree = "<group>"; };
		32CA4F630368D1EE00C91783 /* iHere_Prefix.pch */ = {isa = PBXFileReference; fileEncoding = 4; lastKnownFileType = sourcecode.c.h; path = iHere_Prefix.pch; sourceTree = "<group>"; };
		8D1107310486CEB800E47090 /* iHere-Info.plist */ = {isa = PBXFileReference; fileEncoding = 4; lastKnownFileType = text.plist.xml; path = "iHere-Info.plist"; plistStructureDefinitionIdentifier = "com.apple.xcode.plist.structure-definition.iphone.info-plist"; sourceTree = "<group>"; };
		A3212DFD13D1D66600E7D929 /* CoreLocation.framework */ = {isa = PBXFileReference; lastKnownFileType = wrapper.framework; name = CoreLocation.framework; path = System/Library/Frameworks/CoreLocation.framework; sourceTree = SDKROOT; };
		A3212E0113D1DC4600E7D929 /* CoreLocationController.h */ = {isa = PBXFileReference; fileEncoding = 4; lastKnownFileType = sourcecode.c.h; path = CoreLocationController.h; sourceTree = "<group>"; };
		A3212E0213D1DC4600E7D929 /* CoreLocationController.m */ = {isa = PBXFileReference; fileEncoding = 4; lastKnownFileType = sourcecode.c.objc; path = CoreLocationController.m; sourceTree = "<group>"; };
		A3212E2013D1FA8200E7D929 /* Icon-72.png */ = {isa = PBXFileReference; lastKnownFileType = image.png; path = "Icon-72.png"; sourceTree = "<group>"; };
		A3212E2113D1FA8200E7D929 /* Icon-Small-50.png */ = {isa = PBXFileReference; lastKnownFileType = image.png; path = "Icon-Small-50.png"; sourceTree = "<group>"; };
		A3212E2213D1FA8200E7D929 /* Icon-Small.png */ = {isa = PBXFileReference; lastKnownFileType = image.png; path = "Icon-Small.png"; sourceTree = "<group>"; };
		A3212E2313D1FA8200E7D929 /* Icon-Small@2x.png */ = {isa = PBXFileReference; lastKnownFileType = image.png; path = "Icon-Small@2x.png"; sourceTree = "<group>"; };
		A3212E2413D1FA8200E7D929 /* Icon.png */ = {isa = PBXFileReference; lastKnownFileType = image.png; path = Icon.png; sourceTree = "<group>"; };
		A3212E2513D1FA8200E7D929 /* Icon@2x.png */ = {isa = PBXFileReference; lastKnownFileType = image.png; path = "Icon@2x.png"; sourceTree = "<group>"; };
		A3212E2613D1FA8200E7D929 /* iTunesArtwork */ = {isa = PBXFileReference; lastKnownFileType = file; path = iTunesArtwork; sourceTree = "<group>"; };
		A3212E7613D208EC00E7D929 /* launch.png */ = {isa = PBXFileReference; lastKnownFileType = image.png; path = launch.png; sourceTree = "<group>"; };
		A3212E7713D208EC00E7D929 /* launch@2x.png */ = {isa = PBXFileReference; lastKnownFileType = image.png; path = "launch@2x.png"; sourceTree = "<group>"; };
		A3212ED713D20E2F00E7D929 /* MapKit.framework */ = {isa = PBXFileReference; lastKnownFileType = wrapper.framework; name = MapKit.framework; path = System/Library/Frameworks/MapKit.framework; sourceTree = SDKROOT; };
		A3212FC113D284E500E7D929 /* DestinationPlaceMark.h */ = {isa = PBXFileReference; fileEncoding = 4; lastKnownFileType = sourcecode.c.h; path = DestinationPlaceMark.h; sourceTree = "<group>"; };
		A3212FC213D284E500E7D929 /* DestinationPlaceMark.m */ = {isa = PBXFileReference; fileEncoding = 4; lastKnownFileType = sourcecode.c.objc; path = DestinationPlaceMark.m; sourceTree = "<group>"; };
		A321300A13D2944D00E7D929 /* MessageUI.framework */ = {isa = PBXFileReference; lastKnownFileType = wrapper.framework; name = MessageUI.framework; path = System/Library/Frameworks/MessageUI.framework; sourceTree = SDKROOT; };
		A321310213D2E1B700E7D929 /* button.png */ = {isa = PBXFileReference; lastKnownFileType = image.png; path = button.png; sourceTree = "<group>"; };
/* End PBXFileReference section */

/* Begin PBXFrameworksBuildPhase section */
		1D60588F0D05DD3D006BFB54 /* Frameworks */ = {
			isa = PBXFrameworksBuildPhase;
			buildActionMask = 2147483647;
			files = (
				1D60589F0D05DD5A006BFB54 /* Foundation.framework in Frameworks */,
				1DF5F4E00D08C38300B7A737 /* UIKit.framework in Frameworks */,
				288765A50DF7441C002DB57D /* CoreGraphics.framework in Frameworks */,
				A3212DFE13D1D66600E7D929 /* CoreLocation.framework in Frameworks */,
				A3212ED813D20E2F00E7D929 /* MapKit.framework in Frameworks */,
				A321300B13D2944D00E7D929 /* MessageUI.framework in Frameworks */,
			);
			runOnlyForDeploymentPostprocessing = 0;
		};
/* End PBXFrameworksBuildPhase section */

/* Begin PBXGroup section */
		080E96DDFE201D6D7F000001 /* Classes */ = {
			isa = PBXGroup;
			children = (
				1D3623240D0F684500981E51 /* iHereAppDelegate.h */,
				1D3623250D0F684500981E51 /* iHereAppDelegate.m */,
				28D7ACF60DDB3853001CB0EB /* iHereViewController.h */,
				28D7ACF70DDB3853001CB0EB /* iHereViewController.m */,
				A3212E0113D1DC4600E7D929 /* CoreLocationController.h */,
				A3212E0213D1DC4600E7D929 /* CoreLocationController.m */,
				A3212FC113D284E500E7D929 /* DestinationPlaceMark.h */,
				A3212FC213D284E500E7D929 /* DestinationPlaceMark.m */,
			);
			path = Classes;
			sourceTree = "<group>";
		};
		19C28FACFE9D520D11CA2CBB /* Products */ = {
			isa = PBXGroup;
			children = (
				1D6058910D05DD3D006BFB54 /* iHere.app */,
			);
			name = Products;
			sourceTree = "<group>";
		};
		29B97314FDCFA39411CA2CEA /* CustomTemplate */ = {
			isa = PBXGroup;
			children = (
				080E96DDFE201D6D7F000001 /* Classes */,
				29B97315FDCFA39411CA2CEA /* Other Sources */,
				29B97317FDCFA39411CA2CEA /* Resources */,
				29B97323FDCFA39411CA2CEA /* Frameworks */,
				19C28FACFE9D520D11CA2CBB /* Products */,
			);
			name = CustomTemplate;
			sourceTree = "<group>";
		};
		29B97315FDCFA39411CA2CEA /* Other Sources */ = {
			isa = PBXGroup;
			children = (
				32CA4F630368D1EE00C91783 /* iHere_Prefix.pch */,
				29B97316FDCFA39411CA2CEA /* main.m */,
			);
			name = "Other Sources";
			sourceTree = "<group>";
		};
		29B97317FDCFA39411CA2CEA /* Resources */ = {
			isa = PBXGroup;
			children = (
				A321310213D2E1B700E7D929 /* button.png */,
				A3212E7613D208EC00E7D929 /* launch.png */,
				A3212E7713D208EC00E7D929 /* launch@2x.png */,
				A3212E1F13D1FA8200E7D929 /* appicons */,
				2899E5210DE3E06400AC0155 /* iHereViewController.xib */,
				28AD733E0D9D9553002E5188 /* MainWindow.xib */,
				8D1107310486CEB800E47090 /* iHere-Info.plist */,
			);
			name = Resources;
			sourceTree = "<group>";
		};
		29B97323FDCFA39411CA2CEA /* Frameworks */ = {
			isa = PBXGroup;
			children = (
				1DF5F4DF0D08C38300B7A737 /* UIKit.framework */,
				1D30AB110D05D00D00671497 /* Foundation.framework */,
				288765A40DF7441C002DB57D /* CoreGraphics.framework */,
				A3212DFD13D1D66600E7D929 /* CoreLocation.framework */,
				A3212ED713D20E2F00E7D929 /* MapKit.framework */,
				A321300A13D2944D00E7D929 /* MessageUI.framework */,
			);
			name = Frameworks;
			sourceTree = "<group>";
		};
		A3212E1F13D1FA8200E7D929 /* appicons */ = {
			isa = PBXGroup;
			children = (
				A3212E2013D1FA8200E7D929 /* Icon-72.png */,
				A3212E2113D1FA8200E7D929 /* Icon-Small-50.png */,
				A3212E2213D1FA8200E7D929 /* Icon-Small.png */,
				A3212E2313D1FA8200E7D929 /* Icon-Small@2x.png */,
				A3212E2413D1FA8200E7D929 /* Icon.png */,
				A3212E2513D1FA8200E7D929 /* Icon@2x.png */,
				A3212E2613D1FA8200E7D929 /* iTunesArtwork */,
			);
			path = appicons;
			sourceTree = "<group>";
		};
/* End PBXGroup section */

/* Begin PBXNativeTarget section */
		1D6058900D05DD3D006BFB54 /* iHere */ = {
			isa = PBXNativeTarget;
			buildConfigurationList = 1D6058960D05DD3E006BFB54 /* Build configuration list for PBXNativeTarget "iHere" */;
			buildPhases = (
				1D60588D0D05DD3D006BFB54 /* Resources */,
				1D60588E0D05DD3D006BFB54 /* Sources */,
				1D60588F0D05DD3D006BFB54 /* Frameworks */,
			);
			buildRules = (
			);
			dependencies = (
			);
			name = iHere;
			productName = iHere;
			productReference = 1D6058910D05DD3D006BFB54 /* iHere.app */;
			productType = "com.apple.product-type.application";
		};
/* End PBXNativeTarget section */

/* Begin PBXProject section */
		29B97313FDCFA39411CA2CEA /* Project object */ = {
			isa = PBXProject;
			buildConfigurationList = C01FCF4E08A954540054247B /* Build configuration list for PBXProject "iHere" */;
			compatibilityVersion = "Xcode 3.2";
			developmentRegion = English;
			hasScannedForEncodings = 1;
			knownRegions = (
				English,
				Japanese,
				French,
				German,
			);
			mainGroup = 29B97314FDCFA39411CA2CEA /* CustomTemplate */;
			projectDirPath = "";
			projectRoot = "";
			targets = (
				1D6058900D05DD3D006BFB54 /* iHere */,
			);
		};
/* End PBXProject section */

/* Begin PBXResourcesBuildPhase section */
		1D60588D0D05DD3D006BFB54 /* Resources */ = {
			isa = PBXResourcesBuildPhase;
			buildActionMask = 2147483647;
			files = (
				28AD733F0D9D9553002E5188 /* MainWindow.xib in Resources */,
				2899E5220DE3E06400AC0155 /* iHereViewController.xib in Resources */,
				A3212E2913D1FA8200E7D929 /* Icon-72.png in Resources */,
				A3212E2A13D1FA8200E7D929 /* Icon-Small-50.png in Resources */,
				A3212E2B13D1FA8200E7D929 /* Icon-Small.png in Resources */,
				A3212E2C13D1FA8200E7D929 /* Icon-Small@2x.png in Resources */,
				A3212E2D13D1FA8200E7D929 /* Icon.png in Resources */,
				A3212E2E13D1FA8200E7D929 /* Icon@2x.png in Resources */,
				A3212E2F13D1FA8200E7D929 /* iTunesArtwork in Resources */,
				A3212E7813D208EC00E7D929 /* launch.png in Resources */,
				A3212E7913D208EC00E7D929 /* launch@2x.png in Resources */,
				A321310313D2E1B700E7D929 /* button.png in Resources */,
			);
			runOnlyForDeploymentPostprocessing = 0;
		};
/* End PBXResourcesBuildPhase section */

/* Begin PBXSourcesBuildPhase section */
		1D60588E0D05DD3D006BFB54 /* Sources */ = {
			isa = PBXSourcesBuildPhase;
			buildActionMask = 2147483647;
			files = (
				1D60589B0D05DD56006BFB54 /* main.m in Sources */,
				1D3623260D0F684500981E51 /* iHereAppDelegate.m in Sources */,
				28D7ACF80DDB3853001CB0EB /* iHereViewController.m in Sources */,
				A3212E0313D1DC4600E7D929 /* CoreLocationController.m in Sources */,
				A3212FC313D284E500E7D929 /* DestinationPlaceMark.m in Sources */,
			);
			runOnlyForDeploymentPostprocessing = 0;
		};
/* End PBXSourcesBuildPhase section */

/* Begin XCBuildConfiguration section */
		1D6058940D05DD3E006BFB54 /* Debug */ = {
			isa = XCBuildConfiguration;
			buildSettings = {
				ALWAYS_SEARCH_USER_PATHS = NO;
				COPY_PHASE_STRIP = NO;
				GCC_DYNAMIC_NO_PIC = NO;
				GCC_OPTIMIZATION_LEVEL = 0;
				GCC_PRECOMPILE_PREFIX_HEADER = YES;
				GCC_PREFIX_HEADER = iHere_Prefix.pch;
				INFOPLIST_FILE = "iHere-Info.plist";
				PRODUCT_NAME = iHere;
			};
			name = Debug;
		};
		1D6058950D05DD3E006BFB54 /* Release */ = {
			isa = XCBuildConfiguration;
			buildSettings = {
				ALWAYS_SEARCH_USER_PATHS = NO;
				COPY_PHASE_STRIP = YES;
				GCC_PRECOMPILE_PREFIX_HEADER = YES;
				GCC_PREFIX_HEADER = iHere_Prefix.pch;
				INFOPLIST_FILE = "iHere-Info.plist";
				PRODUCT_NAME = iHere;
				VALIDATE_PRODUCT = YES;
			};
			name = Release;
		};
		C01FCF4F08A954540054247B /* Debug */ = {
			isa = XCBuildConfiguration;
			buildSettings = {
				ARCHS = "$(ARCHS_STANDARD_32_BIT)";
				CODE_SIGN_IDENTITY = "iPhone Developer: Lu Kejin (76G7A94Y3Q)";
				"CODE_SIGN_IDENTITY[sdk=iphoneos*]" = "iPhone Developer: Lu Kejin (76G7A94Y3Q)";
				GCC_C_LANGUAGE_STANDARD = c99;
				GCC_WARN_ABOUT_RETURN_TYPE = YES;
				GCC_WARN_UNUSED_VARIABLE = YES;
				IPHONEOS_DEPLOYMENT_TARGET = 4.0;
				PREBINDING = NO;
				PROVISIONING_PROFILE = "703BE824-C3FE-4A5D-84CF-0804BF22B0E8";
				"PROVISIONING_PROFILE[sdk=iphoneos*]" = "703BE824-C3FE-4A5D-84CF-0804BF22B0E8";
				SDKROOT = iphoneos;
			};
			name = Debug;
		};
		C01FCF5008A954540054247B /* Release */ = {
			isa = XCBuildConfiguration;
			buildSettings = {
				ARCHS = "$(ARCHS_STANDARD_32_BIT)";
				CODE_SIGN_IDENTITY = "iPhone Developer: Lu Kejin (76G7A94Y3Q)";
				"CODE_SIGN_IDENTITY[sdk=iphoneos*]" = "iPhone Developer: Lu Kejin (76G7A94Y3Q)";
				GCC_C_LANGUAGE_STANDARD = c99;
				GCC_WARN_ABOUT_RETURN_TYPE = YES;
				GCC_WARN_UNUSED_VARIABLE = YES;
				IPHONEOS_DEPLOYMENT_TARGET = 4.0;
				OTHER_CFLAGS = "-DNS_BLOCK_ASSERTIONS=1";
				PREBINDING = NO;
				PROVISIONING_PROFILE = "703BE824-C3FE-4A5D-84CF-0804BF22B0E8";
				"PROVISIONING_PROFILE[sdk=iphoneos*]" = "703BE824-C3FE-4A5D-84CF-0804BF22B0E8";
				SDKROOT = iphoneos;
			};
			name = Release;
		};
/* End XCBuildConfiguration section */

/* Begin XCConfigurationList section */
		1D6058960D05DD3E006BFB54 /* Build configuration list for PBXNativeTarget "iHere" */ = {
			isa = XCConfigurationList;
			buildConfigurations = (
				1D6058940D05DD3E006BFB54 /* Debug */,
				1D6058950D05DD3E006BFB54 /* Release */,
			);
			defaultConfigurationIsVisible = 0;
			defaultConfigurationName = Release;
		};
		C01FCF4E08A954540054247B /* Build configuration list for PBXProject "iHere" */ = {
			isa = XCConfigurationList;
			buildConfigurations = (
				C01FCF4F08A954540054247B /* Debug */,
				C01FCF5008A954540054247B /* Release */,
			);
			defaultConfigurationIsVisible = 0;
			defaultConfigurationName = Release;
		};
/* End XCConfigurationList section */
	};
	rootObject = 29B97313FDCFA39411CA2CEA /* Project object */;
}
